
Microsoft Visual Studio Solution File, Format Version 12.00
# Visual Studio Version 17
VisualStudioVersion = 17.3.32901.215
MinimumVisualStudioVersion = 10.0.40219.1
Project("{8BC9CEB8-8B4A-11D0-8D11-00A0C91BC942}") = "test_22_10_23", "test_22_10_23\test_22_10_23.vcxproj", "{5898B870-2DCF-448C-8BCC-9854D07C88F1}"
EndProject
Global
	GlobalSection(SolutionConfigurationPlatforms) = preSolution
		Debug|x64 = Debug|x64
		Debug|x86 = Debug|x86
		Release|x64 = Release|x64
		Release|x86 = Release|x86
	EndGlobalSection
	GlobalSection(ProjectConfigurationPlatforms) = postSolution
		{5898B870-2DCF-448C-8BCC-9854D07C88F1}.Debug|x64.ActiveCfg = Debug|x64
		{5898B870-2DCF-448C-8BCC-9854D07C88F1}.Debug|x64.Build.0 = Debug|x64
		{5898B870-2DCF-448C-8BCC-9854D07C88F1}.Debug|x86.ActiveCfg = Debug|Win32
		{5898B870-2DCF-448C-8BCC-9854D07C88F1}.Debug|x86.Build.0 = Debug|Win32
		{5898B870-2DCF-448C-8BCC-9854D07C88F1}.Release|x64.ActiveCfg = Release|x64
		{5898B870-2DCF-448C-8BCC-9854D07C88F1}.Release|x64.Build.0 = Release|x64
		{5898B870-2DCF-448C-8BCC-9854D07C88F1}.Release|x86.ActiveCfg = Release|Win32
		{5898B870-2DCF-448C-8BCC-9854D07C88F1}.Release|x86.Build.0 = Release|Win32
	EndGlobalSection
	GlobalSection(SolutionProperties) = preSolution
		HideSolutionNode = FALSE
	EndGlobalSection
	GlobalSection(ExtensibilityGlobals) = postSolution
		SolutionGuid = {799E226F-3EDA-4252-8A22-4A31C5242857}
	EndGlobalSection
EndGlobal
